
Microsoft Visual Studio Solution File, Format Version 12.00
# Visual Studio Version 17
VisualStudioVersion = 17.11.35303.130
MinimumVisualStudioVersion = 10.0.40219.1
Project("{8BC9CEB8-8B4A-11D0-8D11-00A0C91BC942}") = "lw1", "lw1\lw1.vcxproj", "{13E90B22-3DEE-467A-813C-01616069AE63}"
EndProject
Global
	GlobalSection(SolutionConfigurationPlatforms) = preSolution
		Debug|x64 = Debug|x64
		Debug|x86 = Debug|x86
		Release|x64 = Release|x64
		Release|x86 = Release|x86
	EndGlobalSection
	GlobalSection(ProjectConfigurationPlatforms) = postSolution
		{13E90B22-3DEE-467A-813C-01616069AE63}.Debug|x64.ActiveCfg = Debug|x64
		{13E90B22-3DEE-467A-813C-01616069AE63}.Debug|x64.Build.0 = Debug|x64
		{13E90B22-3DEE-467A-813C-01616069AE63}.Debug|x86.ActiveCfg = Debug|Win32
		{13E90B22-3DEE-467A-813C-01616069AE63}.Debug|x86.Build.0 = Debug|Win32
		{13E90B22-3DEE-467A-813C-01616069AE63}.Release|x64.ActiveCfg = Release|x64
		{13E90B22-3DEE-467A-813C-01616069AE63}.Release|x64.Build.0 = Release|x64
		{13E90B22-3DEE-467A-813C-01616069AE63}.Release|x86.ActiveCfg = Release|Win32
		{13E90B22-3DEE-467A-813C-01616069AE63}.Release|x86.Build.0 = Release|Win32
	EndGlobalSection
	GlobalSection(SolutionProperties) = preSolution
		HideSolutionNode = FALSE
	EndGlobalSection
	GlobalSection(ExtensibilityGlobals) = postSolution
		SolutionGuid = {CFB57A4A-9785-4D6C-B627-D53F2ED5D38A}
	EndGlobalSection
EndGlobal
